
Microsoft Visual Studio Solution File, Format Version 12.00
# Visual Studio 2012
Project("{FAE04EC0-301F-11D3-BF4B-00C04F79EFBC}") = "TopologicalSort", "TopologicalSort\TopologicalSort.csproj", "{C409499E-5C6E-4844-BFFA-4E721EC05793}"
EndProject
Project("{FAE04EC0-301F-11D3-BF4B-00C04F79EFBC}") = "TopologicalSort.Tests", "TopologicalSort.Tests\TopologicalSort.Tests.csproj", "{4CE829CB-EEC2-47B9-B554-599BE0878197}"
EndProject
Project("{2150E333-8FDC-42A3-9474-1A3956D46DE8}") = ".nuget", ".nuget", "{A28FA734-2297-486E-886F-E4FF99FF4021}"
	ProjectSection(SolutionItems) = preProject
		.nuget\packages.config = .nuget\packages.config
	EndProjectSection
EndProject
Global
	GlobalSection(SolutionConfigurationPlatforms) = preSolution
		Debug|Any CPU = Debug|Any CPU
		Release|Any CPU = Release|Any CPU
	EndGlobalSection
	GlobalSection(ProjectConfigurationPlatforms) = postSolution
		{C409499E-5C6E-4844-BFFA-4E721EC05793}.Debug|Any CPU.ActiveCfg = Debug|Any CPU
		{C409499E-5C6E-4844-BFFA-4E721EC05793}.Debug|Any CPU.Build.0 = Debug|Any CPU
		{C409499E-5C6E-4844-BFFA-4E721EC05793}.Release|Any CPU.ActiveCfg = Release|Any CPU
		{C409499E-5C6E-4844-BFFA-4E721EC05793}.Release|Any CPU.Build.0 = Release|Any CPU
		{4CE829CB-EEC2-47B9-B554-599BE0878197}.Debug|Any CPU.ActiveCfg = Debug|Any CPU
		{4CE829CB-EEC2-47B9-B554-599BE0878197}.Debug|Any CPU.Build.0 = Debug|Any CPU
		{4CE829CB-EEC2-47B9-B554-599BE0878197}.Release|Any CPU.ActiveCfg = Release|Any CPU
		{4CE829CB-EEC2-47B9-B554-599BE0878197}.Release|Any CPU.Build.0 = Release|Any CPU
	EndGlobalSection
	GlobalSection(SolutionProperties) = preSolution
		HideSolutionNode = FALSE
	EndGlobalSection
EndGlobal
